{
  "pins" : [
    {
      "identity" : "swiftpokeapi",
      "kind" : "remoteSourceControl",
      "location" : "https://github.com/tinotusa/SwiftPokeAPI",
      "state" : {
        "branch" : "main",
        "revision" : "c66c744520fa1e9e8c2854b7e451767ec9d53892"
      }
    }
  ],
  "version" : 2
}
