{
  "pins" : [
    {
      "identity" : "swiftpokeapi",
      "kind" : "remoteSourceControl",
      "location" : "https://github.com/tinotusa/SwiftPokeAPI",
      "state" : {
        "branch" : "main",
        "revision" : "4284ea46314e81c2f3dda38ced8ce5c3cbd61f36"
      }
    }
  ],
  "version" : 2
}
