{
  "pins" : [
    {
      "identity" : "swiftpokeapi",
      "kind" : "remoteSourceControl",
      "location" : "https://github.com/tinotusa/SwiftPokeAPI",
      "state" : {
        "branch" : "main",
        "revision" : "2caedb903e4aee3b5523fc652274bd56404c1951"
      }
    }
  ],
  "version" : 2
}
